<Project xmlns="http://schemas.microsoft.com/developer/msbuild/2003">
    <PropertyGroup>
        <ProjectGuid>{116F3FC0-D0F6-41C4-9392-C45257300375}</ProjectGuid>
        <ProjectVersion>18.5</ProjectVersion>
        <FrameworkType>VCL</FrameworkType>
        <MainSource>Database16.dpr</MainSource>
        <Base>True</Base>
        <Config Condition="'$(Config)'==''">Debug</Config>
        <Platform Condition="'$(Platform)'==''">Win32</Platform>
        <TargetedPlatforms>1</TargetedPlatforms>
        <AppType>Application</AppType>
    </PropertyGroup>
    <PropertyGroup Condition="'$(Config)'=='Base' or '$(Base)'!=''">
        <Base>true</Base>
    </PropertyGroup>
    <PropertyGroup Condition="('$(Platform)'=='Win32' and '$(Base)'=='true') or '$(Base_Win32)'!=''">
        <Base_Win32>true</Base_Win32>
        <CfgParent>Base</CfgParent>
        <Base>true</Base>
    </PropertyGroup>
    <PropertyGroup Condition="('$(Platform)'=='Win64' and '$(Base)'=='true') or '$(Base_Win64)'!=''">
        <Base_Win64>true</Base_Win64>
        <CfgParent>Base</CfgParent>
        <Base>true</Base>
    </PropertyGroup>
    <PropertyGroup Condition="'$(Config)'=='Debug' or '$(Cfg_1)'!=''">
        <Cfg_1>true</Cfg_1>
        <CfgParent>Base</CfgParent>
        <Base>true</Base>
    </PropertyGroup>
    <PropertyGroup Condition="('$(Platform)'=='Win32' and '$(Cfg_1)'=='true') or '$(Cfg_1_Win32)'!=''">
        <Cfg_1_Win32>true</Cfg_1_Win32>
        <CfgParent>Cfg_1</CfgParent>
        <Cfg_1>true</Cfg_1>
        <Base>true</Base>
    </PropertyGroup>
    <PropertyGroup Condition="'$(Config)'=='Release' or '$(Cfg_2)'!=''">
        <Cfg_2>true</Cfg_2>
        <CfgParent>Base</CfgParent>
        <Base>true</Base>
    </PropertyGroup>
    <PropertyGroup Condition="('$(Platform)'=='Win32' and '$(Cfg_2)'=='true') or '$(Cfg_2_Win32)'!=''">
        <Cfg_2_Win32>true</Cfg_2_Win32>
        <CfgParent>Cfg_2</CfgParent>
        <Cfg_2>true</Cfg_2>
        <Base>true</Base>
    </PropertyGroup>
    <PropertyGroup Condition="'$(Base)'!=''">
        <DCC_DcuOutput>.\$(Platform)\$(Config)</DCC_DcuOutput>
        <DCC_ExeOutput>.\$(Platform)\$(Config)\Electronic</DCC_ExeOutput>
        <DCC_E>false</DCC_E>
        <DCC_N>false</DCC_N>
        <DCC_S>false</DCC_S>
        <DCC_F>false</DCC_F>
        <DCC_K>false</DCC_K>
        <DCC_UsePackage>RESTBackendComponents;CloudService;soaprtl;soapmidas;RESTComponents;emsclientfiredac;FireDACIBDriver;emsclient;FireDACCommon;soapserver;FireDACCommonDriver;inet;FireDAC;FireDACSqliteDriver;$(DCC_UsePackage)</DCC_UsePackage>
        <DCC_Namespace>System;Xml;Data;Datasnap;Web;Soap;Vcl;Vcl.Imaging;Vcl.Touch;Vcl.Samples;Vcl.Shell;$(DCC_Namespace)</DCC_Namespace>
        <Icon_MainIcon>$(BDS)\bin\delphi_PROJECTICON.ico</Icon_MainIcon>
        <UWP_DelphiLogo44>$(BDS)\bin\Artwork\Windows\UWP\delphi_UwpDefault_44.png</UWP_DelphiLogo44>
        <UWP_DelphiLogo150>$(BDS)\bin\Artwork\Windows\UWP\delphi_UwpDefault_150.png</UWP_DelphiLogo150>
        <SanitizedProjectName>Database16</SanitizedProjectName>
        <VerInfo_Locale>1049</VerInfo_Locale>
        <VerInfo_Keys>CompanyName=;FileDescription=$(MSBuildProjectName);FileVersion=1.0.0.0;InternalName=;LegalCopyright=;LegalTrademarks=;OriginalFilename=;ProgramID=com.embarcadero.$(MSBuildProjectName);ProductName=$(MSBuildProjectName);ProductVersion=1.0.0.0;Comments=</VerInfo_Keys>
        <DCC_MapFile>3</DCC_MapFile>
        <DCC_GenerateStackFrames>true</DCC_GenerateStackFrames>
    </PropertyGroup>
    <PropertyGroup Condition="'$(Base_Win32)'!=''">
        <DCC_UsePackage>DBXSqliteDriver;dxPSPrVwRibbonRS25;dxRibbonCustomizationFormRS25;DBXDb2Driver;dxSkinOffice2007PinkRS25;dxSkinMcSkinRS25;vclactnband;vclFireDAC;cxExportRS25;dxHttpIndyRequestRS25;tethering;dxPScxCommonRS25;FireDACADSDriver;cxPivotGridOLAPRS25;FireDACMSSQLDriver;cxSchedulerGridRS25;vcltouch;dxSkinDarkRoomRS25;dxSkinDarkSideRS25;vcldb;Intraweb;svn;dxGaugeControlRS25;cxLibraryRS25;dxSkinOffice2007SilverRS25;dxSkinscxSchedulerPainterRS25;dxSkinBlackRS25;vclib;dxSkinOffice2007BlueRS25;dxSkinOffice2007BlackRS25;FireDACDBXDriver;dxSkinVS2010RS25;vclx;dxSkinFoggyRS25;dxSpreadSheetConditionalFormattingDialogsRS25;dxSkinSevenRS25;dxSkinSpringTimeRS25;dxTileControlRS25;dxMapControlRS25;dxPDFViewerRS25;dxDockingRS25;VCLRESTComponents;dxSkinsdxNavBarPainterRS25;cxPageControlRS25;dxSkinLilianRS25;dxPSLnksRS25;dxWizardControlRS25;dxRichEditControlRS25;vclie;fs25;bindengine;dxFireDACServerModeRS25;FireDACMySQLDriver;dxSkinOffice2013LightGrayRS25;dxSkinMetropolisRS25;DataSnapClient;dxSkinOffice2016DarkRS25;bindcompdbx;dxSkinBlueprintRS25;dxSkinStardustRS25;DBXSybaseASEDriver;IndyIPServer;dxPSdxLCLnkRS25;IndySystem;dxSkinOffice2007GreenRS25;dsnapcon;dxLayoutControlRS25;dxPSRichEditControlLnkRS25;FireDACMSAccDriver;fmxFireDAC;FireDACInfxDriver;vclimg;fsADO25;dxdbtrRS25;dxPScxTLLnkRS25;emshosting;dxSpreadSheetRS25;dxSkinVisualStudio2013LightRS25;RtmRxDB320;frxADO25;DBXOdbcDriver;FireDACTDataDriver;FMXTee;cxGridRS25;dxSkinTheAsphaltWorldRS25;DbxCommonDriver;dxPScxSchedulerLnkRS25;dxorgcRS25;office2010rt;dxSkinHighContrastRS25;xmlrtl;DataSnapNativeClient;fmxobj;frx25;dxPScxGridLnkRS25;rtl;DbxClientDriver;DBXSybaseASADriver;dxPSCoreRS25;dxmdsRS25;fsDB25;dxSkinOffice2016ColorfulRS25;appanalytics;IndyIPClient;bindcompvcl;dxSkinscxPCPainterRS25;dxThemeRS25;TeeUI;VclSmp;FireDACODBCDriver;DataSnapIndy10ServerTransport;DataSnapProviderClient;frxIBX25;FireDACMongoDBDriver;cxVerticalGridRS25;dxtrmdRS25;dxADOServerModeRS25;dxSkinPumpkinRS25;DataSnapServerMidas;frxcs25;dxCoreRS25;cxSchedulerTreeBrowserRS25;DBXInterBaseDriver;dxSkinValentineRS25;DclRxDB320;dxPSTeeChartRS25;DataSnapFireDAC;svnui;dxSkinOffice2010BlueRS25;dxSkinMoneyTwinsRS25;frxe25;dxSkinSilverRS25;DBXMSSQLDriver;dxPSdxFCLnkRS25;DatasnapConnectorsFreePascal;dxSkinOffice2013WhiteRS25;bindcompfmx;DBXOracleDriver;fsIBX25;inetdb;dxOfficeCoreRS25;FmxTeeUI;emsedge;fmx;fmxdae;frxDB25;dxTabbedMDIRS25;dxBarDBNavRS25;dxSkinBlueRS25;dxPScxPivotGridLnkRS25;frxTee25;dxSkinDevExpressDarkStyleRS25;dbexpress;IndyCore;dxFlowChartRS25;dxSkinsdxDLPainterRS25;dsnap;DataSnapCommon;fsTee25;dxBarRS25;dxPSDBTeeChartRS25;dxSkinLiquidSkyRS25;dxdborRS25;DataSnapConnectors;dxPScxExtCommonRS25;cxPivotGridRS25;dxPSdxSpreadSheetLnkRS25;dxNavBarRS25;cxSchedulerRibbonStyleEventEditorRS25;dxSkinCoffeeRS25;FireDACOracleDriver;DBXMySQLDriver;DBXFirebirdDriver;FireDACCommonODBC;dxSkinOffice2010SilverRS25;cxTreeListRS25;dxSkinsdxBarPainterRS25;IndyIPCommon;dxSkinLondonLiquidSkyRS25;vcl;dxPScxVGridLnkRS25;dxBarExtItemsRS25;dxSkinsCoreRS25;dxComnRS25;FireDACDb2Driver;dxSkinWhiteprintRS25;dxPSdxDBTVLnkRS25;dxSkinVisualStudio2013BlueRS25;dxSkinGlassOceansRS25;dxSkinMetropolisDarkRS25;dxSkinOffice2013DarkGrayRS25;dxSkinSharpPlusRS25;TeeDB;dxSkinCaramelRS25;dxServerModeRS25;dxPScxPCProdRS25;FireDACPgDriver;ibmonitor;FireDACASADriver;cxEditorsRS25;dxSkiniMaginaryRS25;ibxpress;Tee;DataSnapServer;ibxbindings;dxPsPrVwAdvRS25;vclwinx;FireDACDSDriver;dxSkinSevenClassicRS25;cxDataRS25;cxTreeListdxBarPopupMenuRS25;CustomIPTransport;vcldsnap;dxPSdxOCLnkRS25;dxSkinSharpRS25;bindcomp;tb2kdsgn_d320;DBXInformixDriver;cxPivotGridChartRS25;cxSchedulerRS25;dxBarExtDBItemsRS25;frxDBX25;dxSkinOffice2010BlackRS25;dxSkinVisualStudio2013DarkRS25;dxDBXServerModeRS25;dxSkinDevExpressStyleRS25;dxGDIPlusRS25;dxPSdxGaugeControlLnkRS25;dxSkinsdxRibbonPainterRS25;dbxcds;adortl;dxPSdxDBOCLnkRS25;dxRibbonRS25;dsnapxml;dxSpellCheckerRS25;dbrtl;inetdbxpress;IndyProtocols;dxSkinSummer2008RS25;dxPSdxMapControlLnkRS25;dxSkinXmas2008BlueRS25;fmxase;$(DCC_UsePackage)</DCC_UsePackage>
        <DCC_Namespace>Winapi;System.Win;Data.Win;Datasnap.Win;Web.Win;Soap.Win;Xml.Win;Bde;$(DCC_Namespace)</DCC_Namespace>
        <BT_BuildType>Debug</BT_BuildType>
        <VerInfo_IncludeVerInfo>true</VerInfo_IncludeVerInfo>
        <VerInfo_Locale>1033</VerInfo_Locale>
        <Manifest_File>$(BDS)\bin\default_app.manifest</Manifest_File>
    </PropertyGroup>
    <PropertyGroup Condition="'$(Base_Win64)'!=''">
        <DCC_UsePackage>DBXSqliteDriver;dxPSPrVwRibbonRS25;dxRibbonCustomizationFormRS25;DBXDb2Driver;dxSkinOffice2007PinkRS25;dxSkinMcSkinRS25;vclactnband;vclFireDAC;cxExportRS25;dxHttpIndyRequestRS25;tethering;dxPScxCommonRS25;FireDACADSDriver;cxPivotGridOLAPRS25;FireDACMSSQLDriver;cxSchedulerGridRS25;vcltouch;dxSkinDarkRoomRS25;dxSkinDarkSideRS25;vcldb;Intraweb;dxGaugeControlRS25;cxLibraryRS25;dxSkinOffice2007SilverRS25;dxSkinscxSchedulerPainterRS25;dxSkinBlackRS25;vclib;dxSkinOffice2007BlueRS25;dxSkinOffice2007BlackRS25;FireDACDBXDriver;dxSkinVS2010RS25;vclx;dxSkinFoggyRS25;dxSpreadSheetConditionalFormattingDialogsRS25;dxSkinSevenRS25;dxSkinSpringTimeRS25;dxTileControlRS25;dxMapControlRS25;dxPDFViewerRS25;dxDockingRS25;VCLRESTComponents;dxSkinsdxNavBarPainterRS25;cxPageControlRS25;dxSkinLilianRS25;dxPSLnksRS25;dxWizardControlRS25;dxRichEditControlRS25;vclie;bindengine;dxFireDACServerModeRS25;FireDACMySQLDriver;dxSkinOffice2013LightGrayRS25;dxSkinMetropolisRS25;DataSnapClient;dxSkinOffice2016DarkRS25;bindcompdbx;dxSkinBlueprintRS25;dxSkinStardustRS25;DBXSybaseASEDriver;IndyIPServer;dxPSdxLCLnkRS25;IndySystem;dxSkinOffice2007GreenRS25;dsnapcon;dxLayoutControlRS25;dxPSRichEditControlLnkRS25;FireDACMSAccDriver;fmxFireDAC;FireDACInfxDriver;vclimg;dxdbtrRS25;dxPScxTLLnkRS25;emshosting;dxSpreadSheetRS25;dxSkinVisualStudio2013LightRS25;DBXOdbcDriver;FireDACTDataDriver;FMXTee;cxGridRS25;dxSkinTheAsphaltWorldRS25;DbxCommonDriver;dxPScxSchedulerLnkRS25;dxorgcRS25;office2010rt;dxSkinHighContrastRS25;xmlrtl;DataSnapNativeClient;fmxobj;dxPScxGridLnkRS25;rtl;DbxClientDriver;DBXSybaseASADriver;dxPSCoreRS25;dxmdsRS25;dxSkinOffice2016ColorfulRS25;appanalytics;IndyIPClient;bindcompvcl;dxSkinscxPCPainterRS25;dxThemeRS25;TeeUI;VclSmp;FireDACODBCDriver;DataSnapIndy10ServerTransport;DataSnapProviderClient;FireDACMongoDBDriver;cxVerticalGridRS25;dxtrmdRS25;dxADOServerModeRS25;dxSkinPumpkinRS25;DataSnapServerMidas;dxCoreRS25;cxSchedulerTreeBrowserRS25;DBXInterBaseDriver;dxSkinValentineRS25;dxPSTeeChartRS25;DataSnapFireDAC;dxSkinOffice2010BlueRS25;dxSkinMoneyTwinsRS25;dxSkinSilverRS25;DBXMSSQLDriver;dxPSdxFCLnkRS25;DatasnapConnectorsFreePascal;dxSkinOffice2013WhiteRS25;bindcompfmx;DBXOracleDriver;inetdb;dxOfficeCoreRS25;FmxTeeUI;emsedge;fmx;fmxdae;dxTabbedMDIRS25;dxBarDBNavRS25;dxSkinBlueRS25;dxPScxPivotGridLnkRS25;dxSkinDevExpressDarkStyleRS25;dbexpress;IndyCore;dxFlowChartRS25;dxSkinsdxDLPainterRS25;dsnap;DataSnapCommon;dxBarRS25;dxPSDBTeeChartRS25;dxSkinLiquidSkyRS25;dxdborRS25;DataSnapConnectors;dxPScxExtCommonRS25;cxPivotGridRS25;dxPSdxSpreadSheetLnkRS25;dxNavBarRS25;cxSchedulerRibbonStyleEventEditorRS25;dxSkinCoffeeRS25;FireDACOracleDriver;DBXMySQLDriver;DBXFirebirdDriver;FireDACCommonODBC;dxSkinOffice2010SilverRS25;cxTreeListRS25;dxSkinsdxBarPainterRS25;IndyIPCommon;dxSkinLondonLiquidSkyRS25;vcl;dxPScxVGridLnkRS25;dxBarExtItemsRS25;dxSkinsCoreRS25;dxComnRS25;FireDACDb2Driver;dxSkinWhiteprintRS25;dxPSdxDBTVLnkRS25;dxSkinVisualStudio2013BlueRS25;dxSkinGlassOceansRS25;dxSkinMetropolisDarkRS25;dxSkinOffice2013DarkGrayRS25;dxSkinSharpPlusRS25;TeeDB;dxSkinCaramelRS25;dxServerModeRS25;dxPScxPCProdRS25;FireDACPgDriver;ibmonitor;FireDACASADriver;cxEditorsRS25;dxSkiniMaginaryRS25;ibxpress;Tee;DataSnapServer;ibxbindings;dxPsPrVwAdvRS25;vclwinx;FireDACDSDriver;dxSkinSevenClassicRS25;cxDataRS25;cxTreeListdxBarPopupMenuRS25;CustomIPTransport;vcldsnap;dxPSdxOCLnkRS25;dxSkinSharpRS25;bindcomp;DBXInformixDriver;cxPivotGridChartRS25;cxSchedulerRS25;dxBarExtDBItemsRS25;dxSkinOffice2010BlackRS25;dxSkinVisualStudio2013DarkRS25;dxDBXServerModeRS25;dxSkinDevExpressStyleRS25;dxGDIPlusRS25;dxPSdxGaugeControlLnkRS25;dxSkinsdxRibbonPainterRS25;dbxcds;adortl;dxPSdxDBOCLnkRS25;dxRibbonRS25;dsnapxml;dxSpellCheckerRS25;dbrtl;inetdbxpress;IndyProtocols;dxSkinSummer2008RS25;dxPSdxMapControlLnkRS25;dxSkinXmas2008BlueRS25;fmxase;$(DCC_UsePackage)</DCC_UsePackage>
    </PropertyGroup>
    <PropertyGroup Condition="'$(Cfg_1)'!=''">
        <DCC_Define>DEBUG;$(DCC_Define)</DCC_Define>
        <DCC_DebugDCUs>true</DCC_DebugDCUs>
        <DCC_Optimize>false</DCC_Optimize>
        <DCC_GenerateStackFrames>true</DCC_GenerateStackFrames>
        <DCC_DebugInfoInExe>true</DCC_DebugInfoInExe>
        <DCC_RemoteDebug>true</DCC_RemoteDebug>
    </PropertyGroup>
    <PropertyGroup Condition="'$(Cfg_1_Win32)'!=''">
        <DCC_RemoteDebug>false</DCC_RemoteDebug>
        <AppEnableRuntimeThemes>true</AppEnableRuntimeThemes>
        <VerInfo_IncludeVerInfo>true</VerInfo_IncludeVerInfo>
        <VerInfo_Locale>1033</VerInfo_Locale>
        <Icon_MainIcon>Database_Icon.ico</Icon_MainIcon>
        <AppDPIAwarenessMode>PerMonitor</AppDPIAwarenessMode>
    </PropertyGroup>
    <PropertyGroup Condition="'$(Cfg_2)'!=''">
        <DCC_LocalDebugSymbols>false</DCC_LocalDebugSymbols>
        <DCC_Define>RELEASE;$(DCC_Define)</DCC_Define>
        <DCC_SymbolReferenceInfo>0</DCC_SymbolReferenceInfo>
        <DCC_DebugInformation>0</DCC_DebugInformation>
    </PropertyGroup>
    <PropertyGroup Condition="'$(Cfg_2_Win32)'!=''">
        <AppEnableRuntimeThemes>true</AppEnableRuntimeThemes>
        <VerInfo_IncludeVerInfo>true</VerInfo_IncludeVerInfo>
        <VerInfo_Locale>1033</VerInfo_Locale>
        <Icon_MainIcon>Database_Icon.ico</Icon_MainIcon>
        <AppDPIAwarenessMode>PerMonitor</AppDPIAwarenessMode>
    </PropertyGroup>
    <ItemGroup>
        <DelphiCompile Include="$(MainSource)">
            <MainSource>MainSource</MainSource>
        </DelphiCompile>
        <DCCReference Include="Helpers\DBRecordHolder.pas"/>
        <DCCReference Include="Helpers\ProjectConst.pas"/>
        <DCCReference Include="Helpers\DialogUnit.pas"/>
        <DCCReference Include="Helpers\SettingsController.pas"/>
        <DCCReference Include="Helpers\StrHelper.pas"/>
        <DCCReference Include="Helpers\ClipboardUnit.pas"/>
        <DCCReference Include="Helpers\ColumnsBarButtonsHelper.pas"/>
        <DCCReference Include="Helpers\DragHelper.pas"/>
        <DCCReference Include="Helpers\FormsHelper.pas"/>
        <DCCReference Include="Helpers\GridExtension.pas"/>
        <DCCReference Include="Helpers\HRTimer.pas"/>
        <DCCReference Include="Helpers\OpenDocumentUnit.pas"/>
        <DCCReference Include="Queryes\RepositoryDataModule.pas">
            <Form>DMRepository</Form>
            <DesignClass>TDataModule</DesignClass>
        </DCCReference>
        <DCCReference Include="Helpers\NotifyEvents.pas"/>
        <DCCReference Include="Helpers\MapFieldsUnit.pas"/>
        <DCCReference Include="Queryes\BaseQuery.pas">
            <Form>QueryBase</Form>
            <DesignClass>TFrame</DesignClass>
        </DCCReference>
        <DCCReference Include="Queryes\BaseEventsQuery.pas">
            <Form>QueryBaseEvents</Form>
            <DesignClass>TFrame</DesignClass>
        </DCCReference>
        <DCCReference Include="Helpers\ProgressInfo.pas"/>
        <DCCReference Include="Helpers\ProcRefUnit.pas"/>
        <DCCReference Include="Helpers\TableWithProgress.pas"/>
        <DCCReference Include="Queryes\HandlingQueryUnit.pas">
            <Form>HandlingQuery</Form>
            <DesignClass>TFrame</DesignClass>
        </DCCReference>
        <DCCReference Include="Excel\CustomErrorTable.pas"/>
        <DCCReference Include="Excel\FieldInfoUnit.pas"/>
        <DCCReference Include="Excel\ErrorTable.pas"/>
        <DCCReference Include="Excel\CustomExcelTable.pas"/>
        <DCCReference Include="Excel\ExcelDataModule.pas">
            <Form>ExcelDM</Form>
            <DesignClass>TDataModule</DesignClass>
        </DCCReference>
        <DCCReference Include="Excel\BodyTypesExcelDataModule.pas">
            <Form>BodyTypesExcelDM</Form>
            <DesignClass>TDataModule</DesignClass>
        </DCCReference>
        <DCCReference Include="Queryes\ApplyQuery\ApplyQueryFrame.pas">
            <Form>frmApplyQuery</Form>
            <DesignClass>TFrame</DesignClass>
        </DCCReference>
        <DCCReference Include="Queryes\BodyTypes\BodiesQuery.pas">
            <Form>QueryBodies</Form>
            <DesignClass>TFrame</DesignClass>
        </DCCReference>
        <DCCReference Include="Queryes\BodyTypes\BodyDataQuery.pas">
            <Form>QueryBodyData</Form>
            <DesignClass>TFrame</DesignClass>
        </DCCReference>
        <DCCReference Include="Queryes\BodyTypes\BodyVariationsQuery.pas">
            <Form>QueryBodyVariations</Form>
            <DesignClass>TFrame</DesignClass>
        </DCCReference>
        <DCCReference Include="Queryes\BodyTypes\BodyTypesBaseQuery.pas">
            <Form>QueryBodyTypesBase</Form>
            <DesignClass>TFrame</DesignClass>
        </DCCReference>
        <DCCReference Include="Queryes\BodyTypes\BodyTypesSimpleQuery.pas">
            <Form>QueryBodyTypesSimple</Form>
            <DesignClass>TFrame</DesignClass>
        </DCCReference>
        <DCCReference Include="Queryes\BodyTypes\BodyTypesQuery2.pas">
            <Form>QueryBodyTypes2</Form>
            <DesignClass>TFrame</DesignClass>
        </DCCReference>
        <DCCReference Include="Queryes\OrderQuery.pas">
            <Form>QueryOrder</Form>
            <DesignClass>TFrame</DesignClass>
        </DCCReference>
        <DCCReference Include="Queryes\BodyTypes\BodyKindsQuery.pas">
            <Form>QueryBodyKinds</Form>
            <DesignClass>TFrame</DesignClass>
        </DCCReference>
        <DCCReference Include="Queryes\Producers\ProducerTypesQuery.pas">
            <Form>QueryProducerTypes</Form>
            <DesignClass>TFrame</DesignClass>
        </DCCReference>
        <DCCReference Include="Excel\ProducersExcelDataModule.pas">
            <Form>ProducersExcelDM</Form>
            <DesignClass>TDataModule</DesignClass>
        </DCCReference>
        <DCCReference Include="Helpers\DefaultParameters.pas"/>
        <DCCReference Include="Queryes\Search\SearchCategoriesPathQuery.pas">
            <Form>QuerySearchCategoriesPath</Form>
            <DesignClass>TFrame</DesignClass>
        </DCCReference>
        <DCCReference Include="Queryes\Search\SearchCategoryQuery.pas">
            <Form>QuerySearchCategory</Form>
            <DesignClass>TFrame</DesignClass>
        </DCCReference>
        <DCCReference Include="Queryes\Search\SearchComponentCategoryQuery.pas">
            <Form>QuerySearchComponentCategory</Form>
            <DesignClass>TFrame</DesignClass>
        </DCCReference>
        <DCCReference Include="Queryes\Search\SearchComponentGroup.pas">
            <Form>QuerySearchComponentGroup</Form>
            <DesignClass>TFrame</DesignClass>
        </DCCReference>
        <DCCReference Include="Queryes\Search\SearchComponentOrFamilyQuery.pas">
            <Form>QuerySearchComponentOrFamily</Form>
            <DesignClass>TFrame</DesignClass>
        </DCCReference>
        <DCCReference Include="Queryes\Search\SearchDescriptionsQuery.pas">
            <Form>QuerySearchDescriptions</Form>
            <DesignClass>TFrame</DesignClass>
        </DCCReference>
        <DCCReference Include="Queryes\Search\SearchFamily.pas">
            <Form>QuerySearchFamily</Form>
            <DesignClass>TFrame</DesignClass>
        </DCCReference>
        <DCCReference Include="Queryes\Search\SearchParameterQuery.pas">
            <Form>QuerySearchParameter</Form>
            <DesignClass>TFrame</DesignClass>
        </DCCReference>
        <DCCReference Include="Queryes\Search\SearchProductDescriptionQuery.pas">
            <Form>QuerySearchProductDescription</Form>
            <DesignClass>TFrame</DesignClass>
        </DCCReference>
        <DCCReference Include="Queryes\Search\SearchProductParameterValuesQuery.pas">
            <Form>QuerySearchProductParameterValues</Form>
            <DesignClass>TFrame</DesignClass>
        </DCCReference>
        <DCCReference Include="Queryes\Search\SearchProductQuery.pas">
            <Form>QuerySearchProduct</Form>
            <DesignClass>TFrame</DesignClass>
        </DCCReference>
        <DCCReference Include="Queryes\Search\SearchStorehouseProduct.pas">
            <Form>QuerySearchStorehouseProduct</Form>
            <DesignClass>TFrame</DesignClass>
        </DCCReference>
        <DCCReference Include="Queryes\Producers\ProducersQuery.pas">
            <Form>QueryProducers</Form>
            <DesignClass>TFrame</DesignClass>
        </DCCReference>
        <DCCReference Include="Queryes\ChildCategories\ChildCategoriesQuery.pas">
            <Form>QueryChildCategories</Form>
            <DesignClass>TFrame</DesignClass>
        </DCCReference>
        <DCCReference Include="Queryes\Descriptions\DescriptionTypesQuery.pas">
            <Form>QueryDescriptionTypes</Form>
            <DesignClass>TFrame</DesignClass>
        </DCCReference>
        <DCCReference Include="Queryes\Descriptions\DescriptionsQuery.pas">
            <Form>QueryDescriptions</Form>
            <DesignClass>TFrame</DesignClass>
        </DCCReference>
        <DCCReference Include="Excel\DescriptionsExcelDataModule.pas">
            <Form>DescriptionsExcelDM</Form>
            <DesignClass>TDataModule</DesignClass>
        </DCCReference>
        <DCCReference Include="Queryes\Sequence\SequenceQuery.pas">
            <Form>QuerySequence</Form>
            <DesignClass>TFrame</DesignClass>
        </DCCReference>
        <DCCReference Include="Excel\TreeExcelDataModule.pas">
            <Form>TreeExcelDM</Form>
            <DesignClass>TDataModule</DesignClass>
        </DCCReference>
        <DCCReference Include="Queryes\TreeList\TreeListQuery.pas">
            <Form>QueryTreeList</Form>
            <DesignClass>TFrame</DesignClass>
        </DCCReference>
        <DCCReference Include="Queryes\Version\VersionQuery.pas">
            <Form>QueryVersion</Form>
            <DesignClass>TFrame</DesignClass>
        </DCCReference>
        <DCCReference Include="Queryes\Report\ReportQuery.pas">
            <Form>QueryReports</Form>
            <DesignClass>TFrame</DesignClass>
        </DCCReference>
        <DCCReference Include="Queryes\Parameters\ParameterTypesQuery.pas">
            <Form>QueryParameterTypes</Form>
            <DesignClass>TFrame</DesignClass>
        </DCCReference>
        <DCCReference Include="Queryes\Parameters\ParameterPosQuery.pas">
            <Form>QueryParameterPos</Form>
            <DesignClass>TFrame</DesignClass>
        </DCCReference>
        <DCCReference Include="Queryes\Parameters\ParametersQuery.pas">
            <Form>QueryParameters</Form>
            <DesignClass>TFrame</DesignClass>
        </DCCReference>
        <DCCReference Include="Excel\ParametersExcelDataModule.pas">
            <Form>ParametersExcelDM</Form>
            <DesignClass>TDataModule</DesignClass>
        </DCCReference>
        <DCCReference Include="Excel\ParametricExcelDataModule.pas">
            <Form>ParametricExcelDM</Form>
            <DesignClass>TDataModule</DesignClass>
        </DCCReference>
        <DCCReference Include="Queryes\ParameterValues\ParametersValueQuery.pas">
            <Form>QueryParametersValue</Form>
            <DesignClass>TFrame</DesignClass>
        </DCCReference>
        <DCCReference Include="Queryes\IDTempTable\IDTempTableQuery.pas">
            <Form>QueryIDTempTable</Form>
            <DesignClass>TFrame</DesignClass>
        </DCCReference>
        <DCCReference Include="Queryes\ParameterValues\ParameterValuesUnit.pas"/>
        <DCCReference Include="Queryes\CategoryParameters\MaxCategoryParameterOrderQuery.pas">
            <Form>QueryMaxCategoryParameterOrder</Form>
            <DesignClass>TFrame</DesignClass>
        </DCCReference>
        <DCCReference Include="Queryes\CategoryParameters\RecursiveParametersQuery.pas">
            <Form>QueryRecursiveParameters</Form>
            <DesignClass>TFrame</DesignClass>
        </DCCReference>
        <DCCReference Include="Queryes\Components\CustomComponentsQuery.pas">
            <Form>QueryCustomComponents</Form>
            <DesignClass>TFrame</DesignClass>
        </DCCReference>
        <DCCReference Include="Queryes\Components\BaseFamilyQuery.pas">
            <Form>QueryBaseFamily</Form>
            <DesignClass>TFrame</DesignClass>
        </DCCReference>
        <DCCReference Include="Queryes\Components\Count\BaseComponentsCountQuery.pas">
            <Form>QueryBaseComponentsCount</Form>
            <DesignClass>TFrame</DesignClass>
        </DCCReference>
        <DCCReference Include="Queryes\Components\Count\ComponentsCountQuery.pas">
            <Form>QueryComponentsCount</Form>
            <DesignClass>TFrame</DesignClass>
        </DCCReference>
        <DCCReference Include="Queryes\Components\Count\EmptyFamilyCountQuery.pas">
            <Form>QueryEmptyFamilyCount</Form>
            <DesignClass>TFrame</DesignClass>
        </DCCReference>
        <DCCReference Include="Queryes\Components\SubGroups\SubGroupsQuery.pas">
            <Form>frmQuerySubGroups</Form>
            <DesignClass>TFrame</DesignClass>
        </DCCReference>
        <DCCReference Include="Queryes\Components\AllFamilyQuery.pas">
            <Form>QueryAllFamily</Form>
            <DesignClass>TFrame</DesignClass>
        </DCCReference>
        <DCCReference Include="Queryes\Components\ComponentsQuery.pas">
            <Form>QueryComponents</Form>
            <DesignClass>TFrame</DesignClass>
        </DCCReference>
        <DCCReference Include="Queryes\Components\ComponentsExQuery.pas">
            <Form>QueryComponentsEx</Form>
            <DesignClass>TFrame</DesignClass>
        </DCCReference>
        <DCCReference Include="Queryes\Components\FamilyQuery.pas">
            <Form>QueryFamily</Form>
            <DesignClass>TFrame</DesignClass>
        </DCCReference>
        <DCCReference Include="Queryes\Components\FamilyExQuery.pas">
            <Form>QueryFamilyEx</Form>
            <DesignClass>TFrame</DesignClass>
        </DCCReference>
        <DCCReference Include="Queryes\SearchInterfaceUnit.pas"/>
        <DCCReference Include="Queryes\Components\FamilySearchQuery.pas">
            <Form>QueryFamilySearch</Form>
            <DesignClass>TFrame</DesignClass>
        </DCCReference>
        <DCCReference Include="Queryes\Components\ComponentsSearchQuery.pas">
            <Form>QueryComponentsSearch</Form>
            <DesignClass>TFrame</DesignClass>
        </DCCReference>
        <DCCReference Include="Helpers\DocFieldInfo.pas"/>
        <DCCReference Include="Queryes\Components\BaseComponentsQuery.pas">
            <Form>QueryBaseComponents</Form>
            <DesignClass>TFrame</DesignClass>
        </DCCReference>
        <DCCReference Include="Excel\ComponentsExcelDataModule.pas">
            <Form>ComponentsExcelDM</Form>
            <DesignClass>TDataModule</DesignClass>
        </DCCReference>
        <DCCReference Include="Queryes\Components\ParametricTable\ProductParametersQuery.pas">
            <Form>QueryProductParameters</Form>
            <DesignClass>TFrame</DesignClass>
        </DCCReference>
        <DCCReference Include="Queryes\Products\ProductsBaseQuery.pas">
            <Form>QueryProductsBase</Form>
            <DesignClass>TFrame</DesignClass>
        </DCCReference>
        <DCCReference Include="Queryes\Products\Count\StoreHouseProductsCountQuery.pas">
            <Form>QueryStoreHouseProductsCount</Form>
            <DesignClass>TFrame</DesignClass>
        </DCCReference>
        <DCCReference Include="Queryes\Products\StoreHouse\StoreHouseListQuery.pas">
            <Form>QueryStoreHouseList</Form>
            <DesignClass>TFrame</DesignClass>
        </DCCReference>
        <DCCReference Include="Excel\ProductsExcelDataModule.pas">
            <Form>ProductsExcelDM</Form>
            <DesignClass>TDataModule</DesignClass>
        </DCCReference>
        <DCCReference Include="Queryes\Products\ProductsQuery.pas">
            <Form>QueryProducts</Form>
            <DesignClass>TFrame</DesignClass>
        </DCCReference>
        <DCCReference Include="Queryes\Products\Search\ProductsSearchQuery.pas">
            <Form>QueryProductsSearch</Form>
            <DesignClass>TFrame</DesignClass>
        </DCCReference>
        <DCCReference Include="Views\RootForm.pas">
            <Form>frmRoot</Form>
        </DCCReference>
        <DCCReference Include="Views\DictonaryForm.pas">
            <Form>frmDictonary</Form>
        </DCCReference>
        <DCCReference Include="Views\PathSettingsForm.pas">
            <Form>frmPathSettings</Form>
        </DCCReference>
        <DCCReference Include="Views\PopupForm.pas">
            <Form>frmPopupForm</Form>
        </DCCReference>
        <DCCReference Include="Helpers\GridSort.pas"/>
        <DCCReference Include="Views\GridFrame.pas">
            <Form>frmGrid</Form>
            <DesignClass>TFrame</DesignClass>
        </DCCReference>
        <DCCReference Include="Views\TreeListFrame.pas">
            <Form>frmTreeList</Form>
            <DesignClass>TFrame</DesignClass>
        </DCCReference>
        <DCCReference Include="Views\AutoBinding\AutoBindingDocForm.pas">
            <Form>frmAutoBindingDoc</Form>
        </DCCReference>
        <DCCReference Include="Views\AutoBinding\AutoBindingDescriptionForm.pas">
            <Form>frmAutoBindingDescriptions</Form>
        </DCCReference>
        <DCCReference Include="Views\GridView\GridView.pas">
            <Form>ViewGrid</Form>
            <DesignClass>TFrame</DesignClass>
        </DCCReference>
        <DCCReference Include="Views\GridView\ImportProcessForm.pas">
            <Form>frmImportProcess</Form>
        </DCCReference>
        <DCCReference Include="Helpers\DialogUnit2.pas"/>
        <DCCReference Include="Views\ProgressBar\ProgressBarForm.pas">
            <Form>frmProgressBar</Form>
        </DCCReference>
        <DCCReference Include="Views\ProgressBar\ProgressBarForm2.pas">
            <Form>frmProgressBar2</Form>
        </DCCReference>
        <DCCReference Include="Views\ProgressBar\ProgressBarForm3.pas">
            <Form>frmProgressBar3</Form>
        </DCCReference>
        <DCCReference Include="Helpers\LoadFromExcelFileHelper.pas"/>
        <DCCReference Include="Views\Producers\ProducersView.pas">
            <Form>ViewProducers</Form>
            <DesignClass>TFrame</DesignClass>
        </DCCReference>
        <DCCReference Include="Views\Producers\ProducersForm.pas">
            <Form>frmProducers</Form>
        </DCCReference>
        <DCCReference Include="Views\BodyTypes\BodyTypesView.pas">
            <Form>ViewBodyTypes</Form>
            <DesignClass>TFrame</DesignClass>
        </DCCReference>
        <DCCReference Include="Views\BodyTypes\BodyTypesForm.pas">
            <Form>frmBodyTypes</Form>
        </DCCReference>
        <DCCReference Include="Views\Parameters\ParametersForm.pas">
            <Form>frmParameters</Form>
        </DCCReference>
        <DCCReference Include="Views\CategoryParameters\CategoryParametersView.pas">
            <Form>ViewCategoryParameters</Form>
            <DesignClass>TFrame</DesignClass>
        </DCCReference>
        <DCCReference Include="Views\Descriptions\DescriptionsView.pas">
            <Form>ViewDescriptions</Form>
            <DesignClass>TFrame</DesignClass>
        </DCCReference>
        <DCCReference Include="Views\Descriptions\DescriptionsForm.pas">
            <Form>frmDescriptions</Form>
        </DCCReference>
        <DCCReference Include="Views\Reports\ReportsView.pas">
            <Form>ViewReports</Form>
            <DesignClass>TFrame</DesignClass>
        </DCCReference>
        <DCCReference Include="Views\Reports\ReportsForm.pas">
            <Form>frmReports</Form>
        </DCCReference>
        <DCCReference Include="Views\StoreHouse\StoreHouseInfoView.pas">
            <Form>ViewStorehouseInfo</Form>
            <DesignClass>TFrame</DesignClass>
        </DCCReference>
        <DCCReference Include="Views\Components\SubGroup\CategoriesTreePopupForm.pas">
            <Form>frmCategoriesTreePopup</Form>
        </DCCReference>
        <DCCReference Include="Views\Components\SubGroup\SubGroupListPopupForm.pas">
            <Form>frmSubgroupListPopup</Form>
        </DCCReference>
        <DCCReference Include="Views\Components\ComponentsParentView.pas">
            <Form>ViewComponentsParent</Form>
            <DesignClass>TFrame</DesignClass>
        </DCCReference>
        <DCCReference Include="Views\Components\Descriptions\DescriptionPopupForm.pas">
            <Form>frmDescriptionPopup</Form>
        </DCCReference>
        <DCCReference Include="Views\Components\ComponentsBaseView.pas">
            <Form>ViewComponentsBase</Form>
            <DesignClass>TFrame</DesignClass>
        </DCCReference>
        <DCCReference Include="Excel\DocBindExcelDataModule.pas">
            <Form>DocBindExcelDM</Form>
            <DesignClass>TDataModule</DesignClass>
        </DCCReference>
        <DCCReference Include="Views\Components\ComponentsView.pas">
            <Form>ViewComponents</Form>
            <DesignClass>TFrame</DesignClass>
        </DCCReference>
        <DCCReference Include="Views\Components\Search\ComponentsSearchView.pas">
            <Form>ViewComponentsSearch</Form>
            <DesignClass>TFrame</DesignClass>
        </DCCReference>
        <DCCReference Include="Views\Components\ParametricTable\ParametricTableView.pas">
            <Form>ViewParametricTable</Form>
            <DesignClass>TFrame</DesignClass>
        </DCCReference>
        <DCCReference Include="Views\Components\ParametricTable\ParametricTableForm.pas">
            <Form>frmParametricTable</Form>
        </DCCReference>
        <DCCReference Include="Helpers\AutoBinding.pas"/>
        <DCCReference Include="Helpers\BindDocUnit.pas"/>
        <DCCReference Include="Queryes\TreeList\RecursiveTreeQuery.pas">
            <Form>QueryRecursiveTree</Form>
            <DesignClass>TFrame</DesignClass>
        </DCCReference>
        <DCCReference Include="Views\TreeList\RecursiveTreeView.pas">
            <Form>ViewRecursiveTree</Form>
            <DesignClass>TFrame</DesignClass>
        </DCCReference>
        <DCCReference Include="Views\Main.pas">
            <Form>frmMain</Form>
        </DCCReference>
        <DCCReference Include="Helpers\HintWindowEx.pas"/>
        <DCCReference Include="Views\Analog\AnalogForm.pas">
            <Form>frmAnalog</Form>
        </DCCReference>
        <DCCReference Include="Queryes\Analog\UniqueParameterValuesQuery.pas">
            <Form>QueryUniqueParameterValues</Form>
            <DesignClass>TFrame</DesignClass>
        </DCCReference>
        <DCCReference Include="Views\GridViewEx.pas">
            <Form>ViewGridEx</Form>
            <DesignClass>TFrame</DesignClass>
        </DCCReference>
        <DCCReference Include="Views\Analog\AnalogGridView.pas">
            <Form>ViewAnalogGrid</Form>
            <DesignClass>TFrame</DesignClass>
        </DCCReference>
        <DCCReference Include="Views\BandsInfo.pas"/>
        <DCCReference Include="Views\GridView\CustomGridViewForm.pas">
            <Form>frmCustomGridView</Form>
        </DCCReference>
        <DCCReference Include="Views\GridView\GridViewForm2.pas">
            <Form>frmGridView2</Form>
        </DCCReference>
        <DCCReference Include="Views\GridView\ErrorForm\CustomErrorForm.pas">
            <Form>frmCustomError</Form>
        </DCCReference>
        <DCCReference Include="Views\GridView\ErrorForm\ImportErrorForm.pas">
            <Form>frmImportError</Form>
        </DCCReference>
        <DCCReference Include="Views\GridView\AutoSizeGridViewForm.pas">
            <Form>frmGridViewAutoSize</Form>
        </DCCReference>
        <DCCReference Include="Queryes\Search\SearchProductByParamValuesQuery.pas">
            <Form>qSearchProductByParamValues</Form>
            <DesignClass>TFrame</DesignClass>
        </DCCReference>
        <DCCReference Include="Helpers\ParameterKindEnum.pas"/>
        <DCCReference Include="Views\Analog\PopupAnalogGridView.pas">
            <Form>ViewGridPopupAnalog</Form>
            <DesignClass>TFrame</DesignClass>
        </DCCReference>
        <DCCReference Include="Queryes\Parameters\ParameterKindsQuery.pas">
            <Form>QueryParameterKinds</Form>
            <DesignClass>TFrame</DesignClass>
        </DCCReference>
        <DCCReference Include="Helpers\NaturalSort\NaturalSort.pas"/>
        <DCCReference Include="Queryes\Components\ParametricTable\ParametricErrorTable.pas"/>
        <DCCReference Include="Views\Components\ParametricTable\ParametricTableErrorView.pas">
            <Form>ViewParametricTableError</Form>
            <DesignClass>TFrame</DesignClass>
        </DCCReference>
        <DCCReference Include="Views\Components\ParametricTable\ParametricTableErrorForm.pas">
            <Form>frmParametricTableError</Form>
        </DCCReference>
        <DCCReference Include="Helpers\ProtectUnit.pas"/>
        <DCCReference Include="Queryes\Search\SearchFamilyParamValuesQuery.pas">
            <Form>QueryFamilyParamValues</Form>
            <DesignClass>TFrame</DesignClass>
        </DCCReference>
        <DCCReference Include="Helpers\UpdateParamValueRec.pas"/>
        <DCCReference Include="Queryes\Parameters\SubParametersQuery2.pas">
            <Form>QuerySubParameters2</Form>
            <DesignClass>TFrame</DesignClass>
        </DCCReference>
        <DCCReference Include="Views\Parameters\SubParametersView.pas">
            <Form>ViewSubParameters</Form>
            <DesignClass>TFrame</DesignClass>
        </DCCReference>
        <DCCReference Include="Excel\SubParametersExcelDataModule.pas">
            <Form>SubParametersExcelDM</Form>
            <DesignClass>TDataModule</DesignClass>
        </DCCReference>
        <DCCReference Include="Queryes\Parameters\ParamSubParamsQuery.pas">
            <Form>QueryParamSubParams</Form>
            <DesignClass>TFrame</DesignClass>
        </DCCReference>
        <DCCReference Include="Queryes\CategoryParameters\CategoryParametersQuery2.pas">
            <Form>QueryCategoryParameters2</Form>
            <DesignClass>TFrame</DesignClass>
        </DCCReference>
        <DCCReference Include="Queryes\Search\SearchParamSubParamQuery.pas">
            <Form>QuerySearchParamSubParam</Form>
            <DesignClass>TFrame</DesignClass>
        </DCCReference>
        <DCCReference Include="Queryes\Search\SearchParamDefSubParamQuery.pas">
            <Form>QuerySearchParamDefSubParam</Form>
            <DesignClass>TFrame</DesignClass>
        </DCCReference>
        <DCCReference Include="Views\Parameters\SubParametersForm.pas">
            <Form>frmSubParameters</Form>
        </DCCReference>
        <DCCReference Include="Queryes\CategoryParameters\UpdateNegativeOrdQuery.pas">
            <Form>QueryUpdNegativeOrd</Form>
            <DesignClass>TFrame</DesignClass>
        </DCCReference>
        <DCCReference Include="Helpers\MoveHelper.pas"/>
        <DCCReference Include="Queryes\ParameterValues\UpdateParameterValuesParamSubParamQuery.pas">
            <Form>qUpdateParameterValuesParamSubParam</Form>
            <DesignClass>TFrame</DesignClass>
        </DCCReference>
        <DCCReference Include="Helpers\TextRectHelper.pas"/>
        <DCCReference Include="Helpers\ComponentTypeSetUnit.pas"/>
        <DCCReference Include="Views\ChildCategories\ChildCategoriesView.pas">
            <Form>ViewChildCategories</Form>
            <DesignClass>TFrame</DesignClass>
        </DCCReference>
        <DCCReference Include="Views\TreeList\TreeListView.pas">
            <Form>ViewTreeList</Form>
            <DesignClass>TFrame</DesignClass>
        </DCCReference>
        <DCCReference Include="Queryes\TreeList\DuplicateCategoryQuery.pas"/>
        <DCCReference Include="Views\TreeList\DuplicateCategoryView.pas">
            <Form>ViewDuplicateCategory</Form>
            <DesignClass>TFrame</DesignClass>
        </DCCReference>
        <DCCReference Include="Queryes\HTTP\HttpUnit.pas"/>
        <DCCReference Include="Views\ExtraCharge\ExtraChargeView.pas">
            <Form>ViewExtraCharge</Form>
            <DesignClass>TFrame</DesignClass>
        </DCCReference>
        <DCCReference Include="Views\ExtraCharge\ExtraChargeForm.pas">
            <Form>frmExtraCharge</Form>
        </DCCReference>
        <DCCReference Include="Queryes\ExtraCharge\ExtraChargeSimpleQuery.pas">
            <Form>QueryExtraChargeSimple</Form>
            <DesignClass>TFrame</DesignClass>
        </DCCReference>
        <DCCReference Include="Helpers\ExceptionHelper.pas"/>
        <DCCReference Include="Excel\ExtraChargeExcelDataModule.pas">
            <Form>ExtraChargeExcelDM</Form>
            <DesignClass>TDataModule</DesignClass>
        </DCCReference>
        <DCCReference Include="Interfaces\CheckDuplicateInterface.pas"/>
        <DCCReference Include="Views\Products\ProductsViewForm.pas">
            <Form>frmProducts</Form>
        </DCCReference>
        <DCCReference Include="Queryes\CategoryParameters\CategoryParametersQuery.pas">
            <Form>QueryCategoryParams</Form>
            <DesignClass>TFrame</DesignClass>
        </DCCReference>
        <DCCReference Include="Queryes\Search\SearchComponentParamSubParamsQuery.pas">
            <Form>QuerySearchComponentParamSubParams</Form>
            <DesignClass>TFrame</DesignClass>
        </DCCReference>
        <DCCReference Include="Queryes\Search\SearchDaughterCategoriesQuery.pas">
            <Form>QuerySearchDaughterCategories</Form>
            <DesignClass>TFrame</DesignClass>
        </DCCReference>
        <DCCReference Include="Views\BodyTypes\JEDECPopupForm.pas">
            <Form>frmJEDECPopup</Form>
        </DCCReference>
        <DCCReference Include="Queryes\BodyTypes\BodyOptionsQuery.pas">
            <Form>QueryBodyOptions</Form>
            <DesignClass>TFrame</DesignClass>
        </DCCReference>
        <DCCReference Include="Queryes\BodyTypes\JEDECQuery.pas">
            <Form>QueryJEDEC</Form>
            <DesignClass>TFrame</DesignClass>
        </DCCReference>
        <DCCReference Include="Queryes\BodyTypes\BodyVariationJedecQuery.pas">
            <Form>QueryBodyVariationJedec</Form>
            <DesignClass>TFrame</DesignClass>
        </DCCReference>
        <DCCReference Include="Queryes\BodyTypes\BodyVariationOptionQuery.pas">
            <Form>QueryBodyVariationOption</Form>
            <DesignClass>TFrame</DesignClass>
        </DCCReference>
        <DCCReference Include="Views\BodyTypes\BodyVariationJedecView.pas">
            <Form>ViewBodyVariationJEDEC</Form>
            <DesignClass>TFrame</DesignClass>
        </DCCReference>
        <DCCReference Include="Queryes\BodyTypes\BodyVariationsJedecQuery.pas">
            <Form>QueryBodyVariationsJedec</Form>
            <DesignClass>TFrame</DesignClass>
        </DCCReference>
        <DCCReference Include="Helpers\OpenJedecUnit.pas"/>
        <DCCReference Include="Queryes\Producers\ProducerInterface.pas"/>
        <DCCReference Include="Helpers\CurrencyInterface.pas"/>
        <DCCReference Include="Queryes\HTTP\CurrencyUnit.pas"/>
        <DCCReference Include="Queryes\QueryGroupUnit2.pas"/>
        <DCCReference Include="Queryes\BodyTypes\BodyTypesGroupUnit2.pas"/>
        <DCCReference Include="Queryes\DataModule.pas"/>
        <DCCReference Include="Queryes\Producers\ProducersGroupUnit2.pas"/>
        <DCCReference Include="Queryes\Components\BaseComponentsGroupUnit2.pas"/>
        <DCCReference Include="Queryes\Components\ComponentsSearchGroupUnit2.pas"/>
        <DCCReference Include="Queryes\CategoryParameters\CategoryParametersGroupUnit2.pas"/>
        <DCCReference Include="Queryes\Components\ComponentsGroupUnit2.pas"/>
        <DCCReference Include="Queryes\Components\ParametricTable\ComponentsExGroupUnit2.pas"/>
        <DCCReference Include="Queryes\Parameters\ParametersGroupUnit2.pas"/>
        <DCCReference Include="Queryes\Descriptions\DescriptionsGroupUnit2.pas"/>
        <DCCReference Include="Queryes\Descriptions\DescriptionsInterface.pas"/>
        <DCCReference Include="Queryes\ExtraCharge\ExtraChargeInterface.pas"/>
        <DCCReference Include="Helpers\ErrorType.pas"/>
        <DCCReference Include="Helpers\RecordCheck.pas"/>
        <DCCReference Include="Queryes\Parameters\SubParametersInterface.pas"/>
        <DCCReference Include="Views\Parameters\ParametersView2.pas">
            <Form>ViewParameters2</Form>
            <DesignClass>TFrame</DesignClass>
        </DCCReference>
        <DCCReference Include="Queryes\BaseFDQuery.pas">
            <Form>QryBase</Form>
            <FormType>dfm</FormType>
            <DesignClass>TFrame</DesignClass>
        </DCCReference>
        <DCCReference Include="Queryes\ExtraCharge\ExtraChargeQry.pas">
            <Form>QryExtraCharge</Form>
            <FormType>dfm</FormType>
            <DesignClass>TFrame</DesignClass>
        </DCCReference>
        <DCCReference Include="Queryes\ExtraCharge\ExtraChargeGroupUnit.pas"/>
        <DCCReference Include="Queryes\ExtraCharge\ExtraChargeQuery2.pas">
            <Form>QueryExtraCharge2</Form>
            <FormType>dfm</FormType>
            <DesignClass>TFrame</DesignClass>
        </DCCReference>
        <DCCReference Include="Queryes\ExtraCharge\ExtraChargeTypeQuery.pas">
            <Form>QueryExtraChargeType</Form>
            <FormType>dfm</FormType>
            <DesignClass>TFrame</DesignClass>
        </DCCReference>
        <DCCReference Include="Helpers\DBLookupComboBoxHelper.pas"/>
        <DCCReference Include="Views\ExtraCharge\ExtraChargeSimpleView.pas">
            <Form>ViewExtraChargeSimple</Form>
            <FormType>dfm</FormType>
            <DesignClass>TFrame</DesignClass>
        </DCCReference>
        <DCCReference Include="Queryes\Bill\BillQuery.pas">
            <Form>QryBill</Form>
            <FormType>dfm</FormType>
            <DesignClass>TFrame</DesignClass>
        </DCCReference>
        <DCCReference Include="Queryes\Bill\MaxBillNumberQuery.pas">
            <Form>QryMaxBillNumber</Form>
            <FormType>dfm</FormType>
            <DesignClass>TFrame</DesignClass>
        </DCCReference>
        <DCCReference Include="Queryes\Bill\BillContentQuerySimple.pas">
            <Form>QueryBillContentSimple</Form>
            <FormType>dfm</FormType>
            <DesignClass>TFrame</DesignClass>
        </DCCReference>
        <DCCReference Include="Queryes\Bill\BillQuery2.pas">
            <Form>QryBill2</Form>
            <FormType>dfm</FormType>
            <DesignClass>TFrame</DesignClass>
        </DCCReference>
        <DCCReference Include="Queryes\DSWrap.pas"/>
        <DCCReference Include="Queryes\DescriptionsQueryWrap.pas"/>
        <DCCReference Include="Queryes\Analog\AnalogQueryes.pas"/>
        <DCCReference Include="Views\StoreHouse\StoreHouseListView.pas">
            <Form>ViewStoreHouse</Form>
            <FormType>dfm</FormType>
            <DesignClass>TFrame</DesignClass>
        </DCCReference>
        <DCCReference Include="Views\Bill\BillListView.pas">
            <Form>ViewBill</Form>
            <FormType>dfm</FormType>
            <DesignClass>TFrame</DesignClass>
        </DCCReference>
        <DCCReference Include="Queryes\Products\ClearStorehouseProductsQuery.pas">
            <Form>QryClearStoreHouseProducts</Form>
            <FormType>dfm</FormType>
            <DesignClass>TFrame</DesignClass>
        </DCCReference>
        <DCCReference Include="Views\CompFrameUnit.pas">
            <Form>frmComp</Form>
            <FormType>dfm</FormType>
            <DesignClass>TFrame</DesignClass>
        </DCCReference>
        <DCCReference Include="Views\Products\MinWholeSaleForm.pas">
            <Form>frmMinWholeSale</Form>
            <FormType>dfm</FormType>
        </DCCReference>
        <DCCReference Include="Queryes\Components\SearchFamOrCompoQuery.pas">
            <Form>QuerySearchFamilyOrComp</Form>
            <FormType>dfm</FormType>
            <DesignClass>TFrame</DesignClass>
        </DCCReference>
        <DCCReference Include="Views\Components\ParametricTable\LoadParametricForm.pas">
            <Form>frmLoadParametric</Form>
            <FormType>dfm</FormType>
        </DCCReference>
        <DCCReference Include="Helpers\SelectionInt.pas"/>
        <DCCReference Include="Queryes\BodyTypes\SearchBodyVariationQuery.pas">
            <Form>QrySearchBodyVariation</Form>
            <FormType>dfm</FormType>
            <DesignClass>TFrame</DesignClass>
        </DCCReference>
        <DCCReference Include="Queryes\BodyTypes\BodyKindsColorQuery.pas">
            <Form>QryBodyKindsColor</Form>
            <FormType>dfm</FormType>
            <DesignClass>TFrame</DesignClass>
        </DCCReference>
        <DCCReference Include="Helpers\DataBaseUnit.pas"/>
        <DCCReference Include="Views\Components\ParametricTable\LoadParametricTable.pas">
            <Form>frmLoadParametricTable</Form>
            <FormType>dfm</FormType>
        </DCCReference>
        <DCCReference Include="Views\Components\ParametricTable\LoadParametricData.pas">
            <Form>frmLoadParametricData</Form>
            <FormType>dfm</FormType>
        </DCCReference>
        <DCCReference Include="Views\StoreHouse\StoreHouseForm.pas">
            <Form>frmStoreHouse</Form>
            <FormType>dfm</FormType>
        </DCCReference>
        <DCCReference Include="Queryes\Search\SearchFamilyCategoriesQry.pas">
            <Form>QrySearchFamilyCategories</Form>
            <FormType>dfm</FormType>
            <DesignClass>TFrame</DesignClass>
        </DCCReference>
        <DCCReference Include="Queryes\Components\ParametricTable\ProductCategoriesMemTable.pas"/>
        <DCCReference Include="Views\Components\ParametricTable\CategoryGridView.pas">
            <Form>ViewCategory</Form>
            <FormType>dfm</FormType>
            <DesignClass>TFrame</DesignClass>
        </DCCReference>
        <DCCReference Include="Views\GridView\GridViewForm.pas">
            <Form>frmGridView</Form>
            <FormType>dfm</FormType>
        </DCCReference>
        <DCCReference Include="Views\Bill\CreateBillForm.pas">
            <Form>FrmCreateBill</Form>
            <FormType>dfm</FormType>
        </DCCReference>
        <DCCReference Include="Interfaces\BillInterface.pas"/>
        <DCCReference Include="Helpers\InsertEditMode.pas"/>
        <DCCReference Include="Interfaces\BillContentInterface.pas"/>
        <DCCReference Include="Queryes\Bill\BillContentExportQuery.pas">
            <Form>QueryBillContentExport</Form>
            <FormType>dfm</FormType>
            <DesignClass>TFrame</DesignClass>
        </DCCReference>
        <DCCReference Include="Views\Bill\BillContentExportForm.pas">
            <Form>FrmBillContentExport</Form>
            <FormType>dfm</FormType>
        </DCCReference>
        <DCCReference Include="Interfaces\StoreHouseListInterface.pas"/>
        <DCCReference Include="Queryes\Products\DelNotUsedProductsQuery.pas">
            <Form>QueryDelNotUsedProducts2</Form>
            <FormType>dfm</FormType>
            <DesignClass>TFrame</DesignClass>
        </DCCReference>
        <DCCReference Include="Interfaces\ProductsInterface.pas"/>
        <DCCReference Include="Queryes\Bill\BillContentExportQry.pas">
            <Form>QryBillContentExport</Form>
            <FormType>dfm</FormType>
            <DesignClass>TFrame</DesignClass>
        </DCCReference>
        <DCCReference Include="Views\Products\ProductsBaseView0.pas">
            <Form>ViewProductsBase0</Form>
            <FormType>dfm</FormType>
            <DesignClass>TFrame</DesignClass>
        </DCCReference>
        <DCCReference Include="Queryes\Products\ProductsBaseQuery0.pas">
            <Form>QryProductsBase0</Form>
            <FormType>dfm</FormType>
            <DesignClass>TFrame</DesignClass>
        </DCCReference>
        <DCCReference Include="Queryes\Bill\BillContentQry.pas">
            <Form>QueryBillContent</Form>
            <FormType>dfm</FormType>
            <DesignClass>TFrame</DesignClass>
        </DCCReference>
        <DCCReference Include="Views\Bill\BillContentView2.pas">
            <Form>ViewBillContent2</Form>
            <FormType>dfm</FormType>
            <DesignClass>TFrame</DesignClass>
        </DCCReference>
        <DCCReference Include="Views\Products\ProductsBaseView1.pas">
            <Form>ViewProductsBase1</Form>
            <FormType>dfm</FormType>
            <DesignClass>TFrame</DesignClass>
        </DCCReference>
        <DCCReference Include="Queryes\Products\ProductsBaseQuery1.pas">
            <Form>QryProductsBase1</Form>
            <FormType>dfm</FormType>
            <DesignClass>TFrame</DesignClass>
        </DCCReference>
        <DCCReference Include="Queryes\Products\BaseProductsViewModel.pas"/>
        <DCCReference Include="Queryes\Products\ProductsViewModel.pas"/>
        <DCCReference Include="Queryes\Products\ProductsSearchViewModel.pas"/>
        <DCCReference Include="Queryes\Bill\BillContentViewModel.pas"/>
        <DCCReference Include="Queryes\Products\BaseProductsViewModel1.pas"/>
        <DCCReference Include="Views\Products\ProductsView.pas">
            <Form>ViewProducts</Form>
            <FormType>dfm</FormType>
            <DesignClass>TFrame</DesignClass>
        </DCCReference>
        <DCCReference Include="Views\Products\ProductsSearchView.pas">
            <Form>ViewProductsSearch</Form>
            <FormType>dfm</FormType>
            <DesignClass>TFrame</DesignClass>
        </DCCReference>
        <DCCReference Include="Views\Products\ProductsBasketView2.pas">
            <Form>ViewProductsBasket2</Form>
            <FormType>dfm</FormType>
            <DesignClass>TFrame</DesignClass>
        </DCCReference>
        <BuildConfiguration Include="Release">
            <Key>Cfg_2</Key>
            <CfgParent>Base</CfgParent>
        </BuildConfiguration>
        <BuildConfiguration Include="Base">
            <Key>Base</Key>
        </BuildConfiguration>
        <BuildConfiguration Include="Debug">
            <Key>Cfg_1</Key>
            <CfgParent>Base</CfgParent>
        </BuildConfiguration>
    </ItemGroup>
    <ProjectExtensions>
        <Borland.Personality>Delphi.Personality.12</Borland.Personality>
        <Borland.ProjectType>Application</Borland.ProjectType>
        <BorlandProject>
            <Delphi.Personality>
                <Source>
                    <Source Name="MainSource">Database16.dpr</Source>
                </Source>
                <Excluded_Packages>
                    <Excluded_Packages Name="$(BDSBIN)\dcloffice2k250.bpl">Microsoft Office 2000 Sample Automation Server Wrapper Components</Excluded_Packages>
                    <Excluded_Packages Name="$(BDSBIN)\dclofficexp250.bpl">Microsoft Office XP Sample Automation Server Wrapper Components</Excluded_Packages>
                </Excluded_Packages>
            </Delphi.Personality>
            <Deployment Version="3">
                <DeployFile LocalName="Win32\Debug\Electronic\Database16.exe" Configuration="Debug" Class="ProjectOutput">
                    <Platform Name="Win32">
                        <RemoteName>Database16.exe</RemoteName>
                        <Overwrite>true</Overwrite>
                    </Platform>
                </DeployFile>
                <DeployFile LocalName="C:\Public\ElectronicDB\Database16.exe" Configuration="Release" Class="ProjectOutput">
                    <Platform Name="Win32">
                        <RemoteName>Database16.exe</RemoteName>
                        <Overwrite>true</Overwrite>
                    </Platform>
                </DeployFile>
                <DeployClass Name="AdditionalDebugSymbols">
                    <Platform Name="iOSSimulator">
                        <Operation>1</Operation>
                    </Platform>
                    <Platform Name="OSX32">
                        <RemoteDir>Contents\MacOS</RemoteDir>
                        <Operation>1</Operation>
                    </Platform>
                    <Platform Name="Win32">
                        <RemoteDir>Contents\MacOS</RemoteDir>
                        <Operation>0</Operation>
                    </Platform>
                </DeployClass>
                <DeployClass Name="AndroidClassesDexFile">
                    <Platform Name="Android">
                        <RemoteDir>classes</RemoteDir>
                        <Operation>1</Operation>
                    </Platform>
                </DeployClass>
                <DeployClass Name="AndroidFileProvider">
                    <Platform Name="Android">
                        <RemoteDir>res\xml</RemoteDir>
                        <Operation>1</Operation>
                    </Platform>
                </DeployClass>
                <DeployClass Name="AndroidGDBServer">
                    <Platform Name="Android">
                        <RemoteDir>library\lib\armeabi-v7a</RemoteDir>
                        <Operation>1</Operation>
                    </Platform>
                </DeployClass>
                <DeployClass Name="AndroidLibnativeArmeabiFile">
                    <Platform Name="Android">
                        <RemoteDir>library\lib\armeabi</RemoteDir>
                        <Operation>1</Operation>
                    </Platform>
                </DeployClass>
                <DeployClass Name="AndroidLibnativeMipsFile">
                    <Platform Name="Android">
                        <RemoteDir>library\lib\mips</RemoteDir>
                        <Operation>1</Operation>
                    </Platform>
                </DeployClass>
                <DeployClass Name="AndroidServiceOutput">
                    <Platform Name="Android">
                        <RemoteDir>library\lib\armeabi-v7a</RemoteDir>
                        <Operation>1</Operation>
                    </Platform>
                </DeployClass>
                <DeployClass Name="AndroidSplashImageDef">
                    <Platform Name="Android">
                        <RemoteDir>res\drawable</RemoteDir>
                        <Operation>1</Operation>
                    </Platform>
                </DeployClass>
                <DeployClass Name="AndroidSplashStyles">
                    <Platform Name="Android">
                        <RemoteDir>res\values</RemoteDir>
                        <Operation>1</Operation>
                    </Platform>
                </DeployClass>
                <DeployClass Name="AndroidSplashStylesV21">
                    <Platform Name="Android">
                        <RemoteDir>res\values-v21</RemoteDir>
                        <Operation>1</Operation>
                    </Platform>
                </DeployClass>
                <DeployClass Name="Android_DefaultAppIcon">
                    <Platform Name="Android">
                        <RemoteDir>res\drawable</RemoteDir>
                        <Operation>1</Operation>
                    </Platform>
                </DeployClass>
                <DeployClass Name="Android_LauncherIcon144">
                    <Platform Name="Android">
                        <RemoteDir>res\drawable-xxhdpi</RemoteDir>
                        <Operation>1</Operation>
                    </Platform>
                </DeployClass>
                <DeployClass Name="Android_LauncherIcon36">
                    <Platform Name="Android">
                        <RemoteDir>res\drawable-ldpi</RemoteDir>
                        <Operation>1</Operation>
                    </Platform>
                </DeployClass>
                <DeployClass Name="Android_LauncherIcon48">
                    <Platform Name="Android">
                        <RemoteDir>res\drawable-mdpi</RemoteDir>
                        <Operation>1</Operation>
                    </Platform>
                </DeployClass>
                <DeployClass Name="Android_LauncherIcon72">
                    <Platform Name="Android">
                        <RemoteDir>res\drawable-hdpi</RemoteDir>
                        <Operation>1</Operation>
                    </Platform>
                </DeployClass>
                <DeployClass Name="Android_LauncherIcon96">
                    <Platform Name="Android">
                        <RemoteDir>res\drawable-xhdpi</RemoteDir>
                        <Operation>1</Operation>
                    </Platform>
                </DeployClass>
                <DeployClass Name="Android_SplashImage426">
                    <Platform Name="Android">
                        <RemoteDir>res\drawable-small</RemoteDir>
                        <Operation>1</Operation>
                    </Platform>
                </DeployClass>
                <DeployClass Name="Android_SplashImage470">
                    <Platform Name="Android">
                        <RemoteDir>res\drawable-normal</RemoteDir>
                        <Operation>1</Operation>
                    </Platform>
                </DeployClass>
                <DeployClass Name="Android_SplashImage640">
                    <Platform Name="Android">
                        <RemoteDir>res\drawable-large</RemoteDir>
                        <Operation>1</Operation>
                    </Platform>
                </DeployClass>
                <DeployClass Name="Android_SplashImage960">
                    <Platform Name="Android">
                        <RemoteDir>res\drawable-xlarge</RemoteDir>
                        <Operation>1</Operation>
                    </Platform>
                </DeployClass>
                <DeployClass Name="DebugSymbols">
                    <Platform Name="iOSSimulator">
                        <Operation>1</Operation>
                    </Platform>
                    <Platform Name="OSX32">
                        <RemoteDir>Contents\MacOS</RemoteDir>
                        <Operation>1</Operation>
                    </Platform>
                    <Platform Name="Win32">
                        <Operation>0</Operation>
                    </Platform>
                </DeployClass>
                <DeployClass Name="DependencyFramework">
                    <Platform Name="OSX32">
                        <RemoteDir>Contents\MacOS</RemoteDir>
                        <Operation>1</Operation>
                        <Extensions>.framework</Extensions>
                    </Platform>
                    <Platform Name="Win32">
                        <Operation>0</Operation>
                    </Platform>
                </DeployClass>
                <DeployClass Name="DependencyModule">
                    <Platform Name="iOSDevice32">
                        <Operation>1</Operation>
                        <Extensions>.dylib</Extensions>
                    </Platform>
                    <Platform Name="iOSDevice64">
                        <Operation>1</Operation>
                        <Extensions>.dylib</Extensions>
                    </Platform>
                    <Platform Name="iOSSimulator">
                        <Operation>1</Operation>
                        <Extensions>.dylib</Extensions>
                    </Platform>
                    <Platform Name="OSX32">
                        <RemoteDir>Contents\MacOS</RemoteDir>
                        <Operation>1</Operation>
                        <Extensions>.dylib</Extensions>
                    </Platform>
                    <Platform Name="Win32">
                        <Operation>0</Operation>
                        <Extensions>.dll;.bpl</Extensions>
                    </Platform>
                </DeployClass>
                <DeployClass Required="true" Name="DependencyPackage">
                    <Platform Name="iOSDevice32">
                        <Operation>1</Operation>
                        <Extensions>.dylib</Extensions>
                    </Platform>
                    <Platform Name="iOSDevice64">
                        <Operation>1</Operation>
                        <Extensions>.dylib</Extensions>
                    </Platform>
                    <Platform Name="iOSSimulator">
                        <Operation>1</Operation>
                        <Extensions>.dylib</Extensions>
                    </Platform>
                    <Platform Name="OSX32">
                        <RemoteDir>Contents\MacOS</RemoteDir>
                        <Operation>1</Operation>
                        <Extensions>.dylib</Extensions>
                    </Platform>
                    <Platform Name="Win32">
                        <Operation>0</Operation>
                        <Extensions>.bpl</Extensions>
                    </Platform>
                </DeployClass>
                <DeployClass Name="File">
                    <Platform Name="Android">
                        <Operation>0</Operation>
                    </Platform>
                    <Platform Name="iOSDevice32">
                        <Operation>0</Operation>
                    </Platform>
                    <Platform Name="iOSDevice64">
                        <Operation>0</Operation>
                    </Platform>
                    <Platform Name="iOSSimulator">
                        <Operation>0</Operation>
                    </Platform>
                    <Platform Name="OSX32">
                        <RemoteDir>Contents\Resources\StartUp\</RemoteDir>
                        <Operation>0</Operation>
                    </Platform>
                    <Platform Name="Win32">
                        <Operation>0</Operation>
                    </Platform>
                </DeployClass>
                <DeployClass Name="iPad_Launch1024">
                    <Platform Name="iOSDevice32">
                        <Operation>1</Operation>
                    </Platform>
                    <Platform Name="iOSDevice64">
                        <Operation>1</Operation>
                    </Platform>
                    <Platform Name="iOSSimulator">
                        <Operation>1</Operation>
                    </Platform>
                </DeployClass>
                <DeployClass Name="iPad_Launch1536">
                    <Platform Name="iOSDevice32">
                        <Operation>1</Operation>
                    </Platform>
                    <Platform Name="iOSDevice64">
                        <Operation>1</Operation>
                    </Platform>
                    <Platform Name="iOSSimulator">
                        <Operation>1</Operation>
                    </Platform>
                </DeployClass>
                <DeployClass Name="iPad_Launch2048">
                    <Platform Name="iOSDevice32">
                        <Operation>1</Operation>
                    </Platform>
                    <Platform Name="iOSDevice64">
                        <Operation>1</Operation>
                    </Platform>
                    <Platform Name="iOSSimulator">
                        <Operation>1</Operation>
                    </Platform>
                </DeployClass>
                <DeployClass Name="iPad_Launch768">
                    <Platform Name="iOSDevice32">
                        <Operation>1</Operation>
                    </Platform>
                    <Platform Name="iOSDevice64">
                        <Operation>1</Operation>
                    </Platform>
                    <Platform Name="iOSSimulator">
                        <Operation>1</Operation>
                    </Platform>
                </DeployClass>
                <DeployClass Name="iPhone_Launch320">
                    <Platform Name="iOSDevice32">
                        <Operation>1</Operation>
                    </Platform>
                    <Platform Name="iOSDevice64">
                        <Operation>1</Operation>
                    </Platform>
                    <Platform Name="iOSSimulator">
                        <Operation>1</Operation>
                    </Platform>
                </DeployClass>
                <DeployClass Name="iPhone_Launch640">
                    <Platform Name="iOSDevice32">
                        <Operation>1</Operation>
                    </Platform>
                    <Platform Name="iOSDevice64">
                        <Operation>1</Operation>
                    </Platform>
                    <Platform Name="iOSSimulator">
                        <Operation>1</Operation>
                    </Platform>
                </DeployClass>
                <DeployClass Name="iPhone_Launch640x1136">
                    <Platform Name="iOSDevice32">
                        <Operation>1</Operation>
                    </Platform>
                    <Platform Name="iOSDevice64">
                        <Operation>1</Operation>
                    </Platform>
                    <Platform Name="iOSSimulator">
                        <Operation>1</Operation>
                    </Platform>
                </DeployClass>
                <DeployClass Name="ProjectAndroidManifest">
                    <Platform Name="Android">
                        <Operation>1</Operation>
                    </Platform>
                </DeployClass>
                <DeployClass Name="ProjectiOSDeviceDebug">
                    <Platform Name="iOSDevice32">
                        <RemoteDir>..\$(PROJECTNAME).app.dSYM\Contents\Resources\DWARF</RemoteDir>
                        <Operation>1</Operation>
                    </Platform>
                    <Platform Name="iOSDevice64">
                        <RemoteDir>..\$(PROJECTNAME).app.dSYM\Contents\Resources\DWARF</RemoteDir>
                        <Operation>1</Operation>
                    </Platform>
                </DeployClass>
                <DeployClass Name="ProjectiOSDeviceResourceRules">
                    <Platform Name="iOSDevice32">
                        <Operation>1</Operation>
                    </Platform>
                    <Platform Name="iOSDevice64">
                        <Operation>1</Operation>
                    </Platform>
                </DeployClass>
                <DeployClass Name="ProjectiOSEntitlements">
                    <Platform Name="iOSDevice32">
                        <RemoteDir>..\</RemoteDir>
                        <Operation>1</Operation>
                    </Platform>
                    <Platform Name="iOSDevice64">
                        <RemoteDir>..\</RemoteDir>
                        <Operation>1</Operation>
                    </Platform>
                </DeployClass>
                <DeployClass Name="ProjectiOSInfoPList">
                    <Platform Name="iOSDevice32">
                        <Operation>1</Operation>
                    </Platform>
                    <Platform Name="iOSDevice64">
                        <Operation>1</Operation>
                    </Platform>
                    <Platform Name="iOSSimulator">
                        <Operation>1</Operation>
                    </Platform>
                </DeployClass>
                <DeployClass Name="ProjectiOSResource">
                    <Platform Name="iOSDevice32">
                        <Operation>1</Operation>
                    </Platform>
                    <Platform Name="iOSDevice64">
                        <Operation>1</Operation>
                    </Platform>
                    <Platform Name="iOSSimulator">
                        <Operation>1</Operation>
                    </Platform>
                </DeployClass>
                <DeployClass Name="ProjectOSXDebug">
                    <Platform Name="OSX64">
                        <RemoteDir>..\$(PROJECTNAME).app.dSYM\Contents\Resources\DWARF</RemoteDir>
                        <Operation>1</Operation>
                    </Platform>
                </DeployClass>
                <DeployClass Name="ProjectOSXEntitlements">
                    <Platform Name="OSX32">
                        <RemoteDir>..\</RemoteDir>
                        <Operation>1</Operation>
                    </Platform>
                </DeployClass>
                <DeployClass Name="ProjectOSXInfoPList">
                    <Platform Name="OSX32">
                        <RemoteDir>Contents</RemoteDir>
                        <Operation>1</Operation>
                    </Platform>
                </DeployClass>
                <DeployClass Name="ProjectOSXResource">
                    <Platform Name="OSX32">
                        <RemoteDir>Contents\Resources</RemoteDir>
                        <Operation>1</Operation>
                    </Platform>
                </DeployClass>
                <DeployClass Required="true" Name="ProjectOutput">
                    <Platform Name="Android">
                        <RemoteDir>library\lib\armeabi-v7a</RemoteDir>
                        <Operation>1</Operation>
                    </Platform>
                    <Platform Name="iOSDevice32">
                        <Operation>1</Operation>
                    </Platform>
                    <Platform Name="iOSDevice64">
                        <Operation>1</Operation>
                    </Platform>
                    <Platform Name="iOSSimulator">
                        <Operation>1</Operation>
                    </Platform>
                    <Platform Name="Linux64">
                        <Operation>1</Operation>
                    </Platform>
                    <Platform Name="OSX32">
                        <RemoteDir>Contents\MacOS</RemoteDir>
                        <Operation>1</Operation>
                    </Platform>
                    <Platform Name="Win32">
                        <Operation>0</Operation>
                    </Platform>
                </DeployClass>
                <DeployClass Name="ProjectUWPManifest">
                    <Platform Name="Win32">
                        <Operation>1</Operation>
                    </Platform>
                    <Platform Name="Win64">
                        <Operation>1</Operation>
                    </Platform>
                </DeployClass>
                <DeployClass Name="UWP_DelphiLogo150">
                    <Platform Name="Win32">
                        <RemoteDir>Assets</RemoteDir>
                        <Operation>1</Operation>
                    </Platform>
                    <Platform Name="Win64">
                        <RemoteDir>Assets</RemoteDir>
                        <Operation>1</Operation>
                    </Platform>
                </DeployClass>
                <DeployClass Name="UWP_DelphiLogo44">
                    <Platform Name="Win32">
                        <RemoteDir>Assets</RemoteDir>
                        <Operation>1</Operation>
                    </Platform>
                    <Platform Name="Win64">
                        <RemoteDir>Assets</RemoteDir>
                        <Operation>1</Operation>
                    </Platform>
                </DeployClass>
                <ProjectRoot Platform="iOSDevice64" Name="$(PROJECTNAME).app"/>
                <ProjectRoot Platform="Win64" Name="$(PROJECTNAME)"/>
                <ProjectRoot Platform="iOSDevice32" Name="$(PROJECTNAME).app"/>
                <ProjectRoot Platform="Linux64" Name="$(PROJECTNAME)"/>
                <ProjectRoot Platform="Win32" Name="$(PROJECTNAME)"/>
                <ProjectRoot Platform="OSX32" Name="$(PROJECTNAME).app"/>
                <ProjectRoot Platform="Android" Name="$(PROJECTNAME)"/>
                <ProjectRoot Platform="OSX64" Name="$(PROJECTNAME).app"/>
                <ProjectRoot Platform="iOSSimulator" Name="$(PROJECTNAME).app"/>
            </Deployment>
            <Platforms>
                <Platform value="Win32">True</Platform>
                <Platform value="Win64">False</Platform>
            </Platforms>
            <ModelSupport>False</ModelSupport>
        </BorlandProject>
        <ProjectFileVersion>12</ProjectFileVersion>
    </ProjectExtensions>
    <Import Project="$(BDS)\Bin\CodeGear.Delphi.Targets" Condition="Exists('$(BDS)\Bin\CodeGear.Delphi.Targets')"/>
    <Import Project="$(APPDATA)\Embarcadero\$(BDSAPPDATABASEDIR)\$(PRODUCTVERSION)\UserTools.proj" Condition="Exists('$(APPDATA)\Embarcadero\$(BDSAPPDATABASEDIR)\$(PRODUCTVERSION)\UserTools.proj')"/>
    <Import Project="$(MSBuildProjectName).deployproj" Condition="Exists('$(MSBuildProjectName).deployproj')"/>
</Project>
